
Microsoft Visual Studio Solution File, Format Version 12.00
# Visual Studio Version 17
VisualStudioVersion = 17.4.33213.308
MinimumVisualStudioVersion = 10.0.40219.1
Project("{FAE04EC0-301F-11D3-BF4B-00C04F79EFBC}") = "Examples.UI", "Examples.UI\Examples.UI.csproj", "{AD415B4E-553D-4702-BDFD-9C2EA413A66B}"
EndProject
Project("{FAE04EC0-301F-11D3-BF4B-00C04F79EFBC}") = "Examples.GUI", "Examples.GUI\Examples.GUI.csproj", "{31616A86-7A83-4109-894D-EDFA4082B501}"
EndProject
Global
	GlobalSection(SolutionConfigurationPlatforms) = preSolution
		Debug|Any CPU = Debug|Any CPU
		Release|Any CPU = Release|Any CPU
	EndGlobalSection
	GlobalSection(ProjectConfigurationPlatforms) = postSolution
		{AD415B4E-553D-4702-BDFD-9C2EA413A66B}.Debug|Any CPU.ActiveCfg = Debug|Any CPU
		{AD415B4E-553D-4702-BDFD-9C2EA413A66B}.Debug|Any CPU.Build.0 = Debug|Any CPU
		{AD415B4E-553D-4702-BDFD-9C2EA413A66B}.Release|Any CPU.ActiveCfg = Release|Any CPU
		{AD415B4E-553D-4702-BDFD-9C2EA413A66B}.Release|Any CPU.Build.0 = Release|Any CPU
		{31616A86-7A83-4109-894D-EDFA4082B501}.Debug|Any CPU.ActiveCfg = Debug|Any CPU
		{31616A86-7A83-4109-894D-EDFA4082B501}.Debug|Any CPU.Build.0 = Debug|Any CPU
		{31616A86-7A83-4109-894D-EDFA4082B501}.Release|Any CPU.ActiveCfg = Release|Any CPU
		{31616A86-7A83-4109-894D-EDFA4082B501}.Release|Any CPU.Build.0 = Release|Any CPU
	EndGlobalSection
	GlobalSection(SolutionProperties) = preSolution
		HideSolutionNode = FALSE
	EndGlobalSection
	GlobalSection(ExtensibilityGlobals) = postSolution
		SolutionGuid = {9BE7377E-E87E-4946-B664-BBF4DF904C2F}
	EndGlobalSection
EndGlobal
